
Microsoft Visual Studio Solution File, Format Version 12.00
# Visual Studio 2013
VisualStudioVersion = 12.0.30723.0
MinimumVisualStudioVersion = 10.0.40219.1
Project("{FAE04EC0-301F-11D3-BF4B-00C04F79EFBC}") = "RealBookExtractor", "RealBookExtractor.csproj", "{3DFD15AF-ED26-4F14-94DD-760139E6D449}"
EndProject
Project("{6141683F-8A12-4E36-9623-2EB02B2C2303}") = "Setup", "Setup\Setup.isproj", "{F974DCD6-2FAC-4E07-8986-84B82FF56EA3}"
	ProjectSection(ProjectDependencies) = postProject
		{3DFD15AF-ED26-4F14-94DD-760139E6D449} = {3DFD15AF-ED26-4F14-94DD-760139E6D449}
	EndProjectSection
EndProject
Global
	GlobalSection(SolutionConfigurationPlatforms) = preSolution
		CD_ROM|Any CPU = CD_ROM|Any CPU
		Debug|Any CPU = Debug|Any CPU
		DVD-5|Any CPU = DVD-5|Any CPU
		Release|Any CPU = Release|Any CPU
		SingleImage|Any CPU = SingleImage|Any CPU
	EndGlobalSection
	GlobalSection(ProjectConfigurationPlatforms) = postSolution
		{3DFD15AF-ED26-4F14-94DD-760139E6D449}.CD_ROM|Any CPU.ActiveCfg = Release|Any CPU
		{3DFD15AF-ED26-4F14-94DD-760139E6D449}.CD_ROM|Any CPU.Build.0 = Release|Any CPU
		{3DFD15AF-ED26-4F14-94DD-760139E6D449}.Debug|Any CPU.ActiveCfg = Debug|Any CPU
		{3DFD15AF-ED26-4F14-94DD-760139E6D449}.Debug|Any CPU.Build.0 = Debug|Any CPU
		{3DFD15AF-ED26-4F14-94DD-760139E6D449}.DVD-5|Any CPU.ActiveCfg = Debug|Any CPU
		{3DFD15AF-ED26-4F14-94DD-760139E6D449}.DVD-5|Any CPU.Build.0 = Debug|Any CPU
		{3DFD15AF-ED26-4F14-94DD-760139E6D449}.Release|Any CPU.ActiveCfg = Release|Any CPU
		{3DFD15AF-ED26-4F14-94DD-760139E6D449}.Release|Any CPU.Build.0 = Release|Any CPU
		{3DFD15AF-ED26-4F14-94DD-760139E6D449}.SingleImage|Any CPU.ActiveCfg = Release|Any CPU
		{3DFD15AF-ED26-4F14-94DD-760139E6D449}.SingleImage|Any CPU.Build.0 = Release|Any CPU
		{F974DCD6-2FAC-4E07-8986-84B82FF56EA3}.CD_ROM|Any CPU.ActiveCfg = CD_ROM
		{F974DCD6-2FAC-4E07-8986-84B82FF56EA3}.CD_ROM|Any CPU.Build.0 = CD_ROM
		{F974DCD6-2FAC-4E07-8986-84B82FF56EA3}.Debug|Any CPU.ActiveCfg = SingleImage
		{F974DCD6-2FAC-4E07-8986-84B82FF56EA3}.DVD-5|Any CPU.ActiveCfg = DVD-5
		{F974DCD6-2FAC-4E07-8986-84B82FF56EA3}.DVD-5|Any CPU.Build.0 = DVD-5
		{F974DCD6-2FAC-4E07-8986-84B82FF56EA3}.Release|Any CPU.ActiveCfg = SingleImage
		{F974DCD6-2FAC-4E07-8986-84B82FF56EA3}.Release|Any CPU.Build.0 = SingleImage
		{F974DCD6-2FAC-4E07-8986-84B82FF56EA3}.SingleImage|Any CPU.ActiveCfg = SingleImage
		{F974DCD6-2FAC-4E07-8986-84B82FF56EA3}.SingleImage|Any CPU.Build.0 = SingleImage
	EndGlobalSection
	GlobalSection(SolutionProperties) = preSolution
		HideSolutionNode = FALSE
	EndGlobalSection
EndGlobal
